// !$*UTF8*$!
{
	archiveVersion = 1;
	classes = {
	};
	objectVersion = 46;
	objects = {

/* Begin PBXBuildFile section */
		854F77EA1E89998D00B254B0 /* AppDelegate.swift in Sources */ = {isa = PBXBuildFile; fileRef = 854F77E91E89998D00B254B0 /* AppDelegate.swift */; };
		854F77EC1E89998D00B254B0 /* ViewController.swift in Sources */ = {isa = PBXBuildFile; fileRef = 854F77EB1E89998D00B254B0 /* ViewController.swift */; };
		854F77EF1E89998D00B254B0 /* Main.storyboard in Resources */ = {isa = PBXBuildFile; fileRef = 854F77ED1E89998D00B254B0 /* Main.storyboard */; };
		854F77F11E89998D00B254B0 /* Assets.xcassets in Resources */ = {isa = PBXBuildFile; fileRef = 854F77F01E89998D00B254B0 /* Assets.xcassets */; };
		854F77F41E89998D00B254B0 /* LaunchScreen.storyboard in Resources */ = {isa = PBXBuildFile; fileRef = 854F77F21E89998D00B254B0 /* LaunchScreen.storyboard */; };
		854F78021E89BE3E00B254B0 /* Flickr.swift in Sources */ = {isa = PBXBuildFile; fileRef = 854F77FD1E89BE3E00B254B0 /* Flickr.swift */; };
		854F78031E89BE3E00B254B0 /* FlickrPhoto.swift in Sources */ = {isa = PBXBuildFile; fileRef = 854F77FE1E89BE3E00B254B0 /* FlickrPhoto.swift */; };
		854F78061E89BE3E00B254B0 /* FlickrSearchResults.swift in Sources */ = {isa = PBXBuildFile; fileRef = 854F78011E89BE3E00B254B0 /* FlickrSearchResults.swift */; };
		854F78091E89BE7800B254B0 /* Constant.swift in Sources */ = {isa = PBXBuildFile; fileRef = 854F78081E89BE7800B254B0 /* Constant.swift */; };
		D9D969C67B3CC3FB8FA864CC /* Pods_FlickrCal.framework in Frameworks */ = {isa = PBXBuildFile; fileRef = 6A56BFA596C4C6EC2CB4FA56 /* Pods_FlickrCal.framework */; };
/* End PBXBuildFile section */

/* Begin PBXFileReference section */
		277BA25444AA649B00772F24 /* Pods-FlickrCal.release.xcconfig */ = {isa = PBXFileReference; includeInIndex = 1; lastKnownFileType = text.xcconfig; name = "Pods-FlickrCal.release.xcconfig"; path = "Pods/Target Support Files/Pods-FlickrCal/Pods-FlickrCal.release.xcconfig"; sourceTree = "<group>"; };
		6A56BFA596C4C6EC2CB4FA56 /* Pods_FlickrCal.framework */ = {isa = PBXFileReference; explicitFileType = wrapper.framework; includeInIndex = 0; path = Pods_FlickrCal.framework; sourceTree = BUILT_PRODUCTS_DIR; };
		854F77E61E89998D00B254B0 /* FlickrCal.app */ = {isa = PBXFileReference; explicitFileType = wrapper.application; includeInIndex = 0; path = FlickrCal.app; sourceTree = BUILT_PRODUCTS_DIR; };
		854F77E91E89998D00B254B0 /* AppDelegate.swift */ = {isa = PBXFileReference; lastKnownFileType = sourcecode.swift; path = AppDelegate.swift; sourceTree = "<group>"; };
		854F77EB1E89998D00B254B0 /* ViewController.swift */ = {isa = PBXFileReference; lastKnownFileType = sourcecode.swift; path = ViewController.swift; sourceTree = "<group>"; };
		854F77EE1E89998D00B254B0 /* Base */ = {isa = PBXFileReference; lastKnownFileType = file.storyboard; name = Base; path = Base.lproj/Main.storyboard; sourceTree = "<group>"; };
		854F77F01E89998D00B254B0 /* Assets.xcassets */ = {isa = PBXFileReference; lastKnownFileType = folder.assetcatalog; path = Assets.xcassets; sourceTree = "<group>"; };
		854F77F31E89998D00B254B0 /* Base */ = {isa = PBXFileReference; lastKnownFileType = file.storyboard; name = Base; path = Base.lproj/LaunchScreen.storyboard; sourceTree = "<group>"; };
		854F77F51E89998D00B254B0 /* Info.plist */ = {isa = PBXFileReference; lastKnownFileType = text.plist.xml; path = Info.plist; sourceTree = "<group>"; };
		854F77FD1E89BE3E00B254B0 /* Flickr.swift */ = {isa = PBXFileReference; fileEncoding = 4; lastKnownFileType = sourcecode.swift; path = Flickr.swift; sourceTree = "<group>"; };
		854F77FE1E89BE3E00B254B0 /* FlickrPhoto.swift */ = {isa = PBXFileReference; fileEncoding = 4; lastKnownFileType = sourcecode.swift; path = FlickrPhoto.swift; sourceTree = "<group>"; };
		854F78011E89BE3E00B254B0 /* FlickrSearchResults.swift */ = {isa = PBXFileReference; fileEncoding = 4; lastKnownFileType = sourcecode.swift; path = FlickrSearchResults.swift; sourceTree = "<group>"; };
		854F78081E89BE7800B254B0 /* Constant.swift */ = {isa = PBXFileReference; fileEncoding = 4; lastKnownFileType = sourcecode.swift; path = Constant.swift; sourceTree = "<group>"; };
		B93741A6EA59CBC2D340C4A3 /* Pods-FlickrCal.debug.xcconfig */ = {isa = PBXFileReference; includeInIndex = 1; lastKnownFileType = text.xcconfig; name = "Pods-FlickrCal.debug.xcconfig"; path = "Pods/Target Support Files/Pods-FlickrCal/Pods-FlickrCal.debug.xcconfig"; sourceTree = "<group>"; };
/* End PBXFileReference section */

/* Begin PBXFrameworksBuildPhase section */
		854F77E31E89998D00B254B0 /* Frameworks */ = {
			isa = PBXFrameworksBuildPhase;
			buildActionMask = 2147483647;
			files = (
				D9D969C67B3CC3FB8FA864CC /* Pods_FlickrCal.framework in Frameworks */,
			);
			runOnlyForDeploymentPostprocessing = 0;
		};
/* End PBXFrameworksBuildPhase section */

/* Begin PBXGroup section */
		726A428A8D65AF1C90F0348F /* Pods */ = {
			isa = PBXGroup;
			children = (
				B93741A6EA59CBC2D340C4A3 /* Pods-FlickrCal.debug.xcconfig */,
				277BA25444AA649B00772F24 /* Pods-FlickrCal.release.xcconfig */,
			);
			name = Pods;
			sourceTree = "<group>";
		};
		854F77DD1E89998D00B254B0 = {
			isa = PBXGroup;
			children = (
				854F77E81E89998D00B254B0 /* FlickrCal */,
				854F77E71E89998D00B254B0 /* Products */,
				726A428A8D65AF1C90F0348F /* Pods */,
				E60341EC6246C93AECB4037C /* Frameworks */,
			);
			sourceTree = "<group>";
		};
		854F77E71E89998D00B254B0 /* Products */ = {
			isa = PBXGroup;
			children = (
				854F77E61E89998D00B254B0 /* FlickrCal.app */,
			);
			name = Products;
			sourceTree = "<group>";
		};
		854F77E81E89998D00B254B0 /* FlickrCal */ = {
			isa = PBXGroup;
			children = (
				854F78071E89BE4900B254B0 /* Flickr */,
				854F77E91E89998D00B254B0 /* AppDelegate.swift */,
				854F78081E89BE7800B254B0 /* Constant.swift */,
				854F77EB1E89998D00B254B0 /* ViewController.swift */,
				854F77ED1E89998D00B254B0 /* Main.storyboard */,
				854F77F01E89998D00B254B0 /* Assets.xcassets */,
				854F77F21E89998D00B254B0 /* LaunchScreen.storyboard */,
				854F77F51E89998D00B254B0 /* Info.plist */,
			);
			path = FlickrCal;
			sourceTree = "<group>";
		};
		854F78071E89BE4900B254B0 /* Flickr */ = {
			isa = PBXGroup;
			children = (
				854F77FD1E89BE3E00B254B0 /* Flickr.swift */,
				854F77FE1E89BE3E00B254B0 /* FlickrPhoto.swift */,
				854F78011E89BE3E00B254B0 /* FlickrSearchResults.swift */,
			);
			name = Flickr;
			sourceTree = "<group>";
		};
		E60341EC6246C93AECB4037C /* Frameworks */ = {
			isa = PBXGroup;
			children = (
				6A56BFA596C4C6EC2CB4FA56 /* Pods_FlickrCal.framework */,
			);
			name = Frameworks;
			sourceTree = "<group>";
		};
/* End PBXGroup section */

/* Begin PBXNativeTarget section */
		854F77E51E89998D00B254B0 /* FlickrCal */ = {
			isa = PBXNativeTarget;
			buildConfigurationList = 854F77F81E89998D00B254B0 /* Build configuration list for PBXNativeTarget "FlickrCal" */;
			buildPhases = (
				4A28EF59823EF3CCB71109FF /* [CP] Check Pods Manifest.lock */,
				854F77E21E89998D00B254B0 /* Sources */,
				854F77E31E89998D00B254B0 /* Frameworks */,
				854F77E41E89998D00B254B0 /* Resources */,
				24452920899AE91AAB7E8863 /* [CP] Embed Pods Frameworks */,
				93EE5787499550B5F8D2330A /* [CP] Copy Pods Resources */,
			);
			buildRules = (
			);
			dependencies = (
			);
			name = FlickrCal;
			productName = FlickrCal;
			productReference = 854F77E61E89998D00B254B0 /* FlickrCal.app */;
			productType = "com.apple.product-type.application";
		};
/* End PBXNativeTarget section */

/* Begin PBXProject section */
		854F77DE1E89998D00B254B0 /* Project object */ = {
			isa = PBXProject;
			attributes = {
				LastSwiftUpdateCheck = 0820;
				LastUpgradeCheck = 0820;
				ORGANIZATIONNAME = "Clinton VanSciver";
				TargetAttributes = {
					854F77E51E89998D00B254B0 = {
						CreatedOnToolsVersion = 8.2.1;
						DevelopmentTeam = 997MDZRB9U;
						ProvisioningStyle = Automatic;
					};
				};
			};
			buildConfigurationList = 854F77E11E89998D00B254B0 /* Build configuration list for PBXProject "FlickrCal" */;
			compatibilityVersion = "Xcode 3.2";
			developmentRegion = English;
			hasScannedForEncodings = 0;
			knownRegions = (
				en,
				Base,
			);
			mainGroup = 854F77DD1E89998D00B254B0;
			productRefGroup = 854F77E71E89998D00B254B0 /* Products */;
			projectDirPath = "";
			projectRoot = "";
			targets = (
				854F77E51E89998D00B254B0 /* FlickrCal */,
			);
		};
/* End PBXProject section */

/* Begin PBXResourcesBuildPhase section */
		854F77E41E89998D00B254B0 /* Resources */ = {
			isa = PBXResourcesBuildPhase;
			buildActionMask = 2147483647;
			files = (
				854F77F41E89998D00B254B0 /* LaunchScreen.storyboard in Resources */,
				854F77F11E89998D00B254B0 /* Assets.xcassets in Resources */,
				854F77EF1E89998D00B254B0 /* Main.storyboard in Resources */,
			);
			runOnlyForDeploymentPostprocessing = 0;
		};
/* End PBXResourcesBuildPhase section */

/* Begin PBXShellScriptBuildPhase section */
		24452920899AE91AAB7E8863 /* [CP] Embed Pods Frameworks */ = {
			isa = PBXShellScriptBuildPhase;
			buildActionMask = 2147483647;
			files = (
			);
			inputPaths = (
			);
			name = "[CP] Embed Pods Frameworks";
			outputPaths = (
			);
			runOnlyForDeploymentPostprocessing = 0;
			shellPath = /bin/sh;
			shellScript = "\"${SRCROOT}/Pods/Target Support Files/Pods-FlickrCal/Pods-FlickrCal-frameworks.sh\"\n";
			showEnvVarsInLog = 0;
		};
		4A28EF59823EF3CCB71109FF /* [CP] Check Pods Manifest.lock */ = {
			isa = PBXShellScriptBuildPhase;
			buildActionMask = 2147483647;
			files = (
			);
			inputPaths = (
			);
			name = "[CP] Check Pods Manifest.lock";
			outputPaths = (
			);
			runOnlyForDeploymentPostprocessing = 0;
			shellPath = /bin/sh;
			shellScript = "diff \"${PODS_ROOT}/../Podfile.lock\" \"${PODS_ROOT}/Manifest.lock\" > /dev/null\nif [ $? != 0 ] ; then\n    # print error to STDERR\n    echo \"error: The sandbox is not in sync with the Podfile.lock. Run 'pod install' or update your CocoaPods installation.\" >&2\n    exit 1\nfi\n";
			showEnvVarsInLog = 0;
		};
		93EE5787499550B5F8D2330A /* [CP] Copy Pods Resources */ = {
			isa = PBXShellScriptBuildPhase;
			buildActionMask = 2147483647;
			files = (
			);
			inputPaths = (
			);
			name = "[CP] Copy Pods Resources";
			outputPaths = (
			);
			runOnlyForDeploymentPostprocessing = 0;
			shellPath = /bin/sh;
			shellScript = "\"${SRCROOT}/Pods/Target Support Files/Pods-FlickrCal/Pods-FlickrCal-resources.sh\"\n";
			showEnvVarsInLog = 0;
		};
/* End PBXShellScriptBuildPhase section */

/* Begin PBXSourcesBuildPhase section */
		854F77E21E89998D00B254B0 /* Sources */ = {
			isa = PBXSourcesBuildPhase;
			buildActionMask = 2147483647;
			files = (
				854F77EC1E89998D00B254B0 /* ViewController.swift in Sources */,
				854F78031E89BE3E00B254B0 /* FlickrPhoto.swift in Sources */,
				854F78091E89BE7800B254B0 /* Constant.swift in Sources */,
				854F78021E89BE3E00B254B0 /* Flickr.swift in Sources */,
				854F77EA1E89998D00B254B0 /* AppDelegate.swift in Sources */,
				854F78061E89BE3E00B254B0 /* FlickrSearchResults.swift in Sources */,
			);
			runOnlyForDeploymentPostprocessing = 0;
		};
/* End PBXSourcesBuildPhase section */

/* Begin PBXVariantGroup section */
		854F77ED1E89998D00B254B0 /* Main.storyboard */ = {
			isa = PBXVariantGroup;
			children = (
				854F77EE1E89998D00B254B0 /* Base */,
			);
			name = Main.storyboard;
			sourceTree = "<group>";
		};
		854F77F21E89998D00B254B0 /* LaunchScreen.storyboard */ = {
			isa = PBXVariantGroup;
			children = (
				854F77F31E89998D00B254B0 /* Base */,
			);
			name = LaunchScreen.storyboard;
			sourceTree = "<group>";
		};
/* End PBXVariantGroup section */

/* Begin XCBuildConfiguration section */
		854F77F61E89998D00B254B0 /* Debug */ = {
			isa = XCBuildConfiguration;
			buildSettings = {
				ALWAYS_SEARCH_USER_PATHS = NO;
				CLANG_ANALYZER_NONNULL = YES;
				CLANG_CXX_LANGUAGE_STANDARD = "gnu++0x";
				CLANG_CXX_LIBRARY = "libc++";
				CLANG_ENABLE_MODULES = YES;
				CLANG_ENABLE_OBJC_ARC = YES;
				CLANG_WARN_BOOL_CONVERSION = YES;
				CLANG_WARN_CONSTANT_CONVERSION = YES;
				CLANG_WARN_DIRECT_OBJC_ISA_USAGE = YES_ERROR;
				CLANG_WARN_DOCUMENTATION_COMMENTS = YES;
				CLANG_WARN_EMPTY_BODY = YES;
				CLANG_WARN_ENUM_CONVERSION = YES;
				CLANG_WARN_INFINITE_RECURSION = YES;
				CLANG_WARN_INT_CONVERSION = YES;
				CLANG_WARN_OBJC_ROOT_CLASS = YES_ERROR;
				CLANG_WARN_SUSPICIOUS_MOVE = YES;
				CLANG_WARN_UNREACHABLE_CODE = YES;
				CLANG_WARN__DUPLICATE_METHOD_MATCH = YES;
				"CODE_SIGN_IDENTITY[sdk=iphoneos*]" = "iPhone Developer";
				COPY_PHASE_STRIP = NO;
				DEBUG_INFORMATION_FORMAT = dwarf;
				ENABLE_STRICT_OBJC_MSGSEND = YES;
				ENABLE_TESTABILITY = YES;
				GCC_C_LANGUAGE_STANDARD = gnu99;
				GCC_DYNAMIC_NO_PIC = NO;
				GCC_NO_COMMON_BLOCKS = YES;
				GCC_OPTIMIZATION_LEVEL = 0;
				GCC_PREPROCESSOR_DEFINITIONS = (
					"DEBUG=1",
					"$(inherited)",
				);
				GCC_WARN_64_TO_32_BIT_CONVERSION = YES;
				GCC_WARN_ABOUT_RETURN_TYPE = YES_ERROR;
				GCC_WARN_UNDECLARED_SELECTOR = YES;
				GCC_WARN_UNINITIALIZED_AUTOS = YES_AGGRESSIVE;
				GCC_WARN_UNUSED_FUNCTION = YES;
				GCC_WARN_UNUSED_VARIABLE = YES;
				IPHONEOS_DEPLOYMENT_TARGET = 10.2;
				MTL_ENABLE_DEBUG_INFO = YES;
				ONLY_ACTIVE_ARCH = YES;
				SDKROOT = iphoneos;
				SWIFT_ACTIVE_COMPILATION_CONDITIONS = DEBUG;
				SWIFT_OPTIMIZATION_LEVEL = "-Onone";
				TARGETED_DEVICE_FAMILY = "1,2";
			};
			name = Debug;
		};
		854F77F71E89998D00B254B0 /* Release */ = {
			isa = XCBuildConfiguration;
			buildSettings = {
				ALWAYS_SEARCH_USER_PATHS = NO;
				CLANG_ANALYZER_NONNULL = YES;
				CLANG_CXX_LANGUAGE_STANDARD = "gnu++0x";
				CLANG_CXX_LIBRARY = "libc++";
				CLANG_ENABLE_MODULES = YES;
				CLANG_ENABLE_OBJC_ARC = YES;
				CLANG_WARN_BOOL_CONVERSION = YES;
				CLANG_WARN_CONSTANT_CONVERSION = YES;
				CLANG_WARN_DIRECT_OBJC_ISA_USAGE = YES_ERROR;
				CLANG_WARN_DOCUMENTATION_COMMENTS = YES;
				CLANG_WARN_EMPTY_BODY = YES;
				CLANG_WARN_ENUM_CONVERSION = YES;
				CLANG_WARN_INFINITE_RECURSION = YES;
				CLANG_WARN_INT_CONVERSION = YES;
				CLANG_WARN_OBJC_ROOT_CLASS = YES_ERROR;
				CLANG_WARN_SUSPICIOUS_MOVE = YES;
				CLANG_WARN_UNREACHABLE_CODE = YES;
				CLANG_WARN__DUPLICATE_METHOD_MATCH = YES;
				"CODE_SIGN_IDENTITY[sdk=iphoneos*]" = "iPhone Developer";
				COPY_PHASE_STRIP = NO;
				DEBUG_INFORMATION_FORMAT = "dwarf-with-dsym";
				ENABLE_NS_ASSERTIONS = NO;
				ENABLE_STRICT_OBJC_MSGSEND = YES;
				GCC_C_LANGUAGE_STANDARD = gnu99;
				GCC_NO_COMMON_BLOCKS = YES;
				GCC_WARN_64_TO_32_BIT_CONVERSION = YES;
				GCC_WARN_ABOUT_RETURN_TYPE = YES_ERROR;
				GCC_WARN_UNDECLARED_SELECTOR = YES;
				GCC_WARN_UNINITIALIZED_AUTOS = YES_AGGRESSIVE;
				GCC_WARN_UNUSED_FUNCTION = YES;
				GCC_WARN_UNUSED_VARIABLE = YES;
				IPHONEOS_DEPLOYMENT_TARGET = 10.2;
				MTL_ENABLE_DEBUG_INFO = NO;
				SDKROOT = iphoneos;
				SWIFT_OPTIMIZATION_LEVEL = "-Owholemodule";
				TARGETED_DEVICE_FAMILY = "1,2";
				VALIDATE_PRODUCT = YES;
			};
			name = Release;
		};
		854F77F91E89998D00B254B0 /* Debug */ = {
			isa = XCBuildConfiguration;
			baseConfigurationReference = B93741A6EA59CBC2D340C4A3 /* Pods-FlickrCal.debug.xcconfig */;
			buildSettings = {
				ASSETCATALOG_COMPILER_APPICON_NAME = AppIcon;
				DEVELOPMENT_TEAM = 997MDZRB9U;
				INFOPLIST_FILE = FlickrCal/Info.plist;
				LD_RUNPATH_SEARCH_PATHS = "$(inherited) @executable_path/Frameworks";
				PRODUCT_BUNDLE_IDENTIFIER = com.clintonvansciver.FlickrCal;
				PRODUCT_NAME = "$(TARGET_NAME)";
				SWIFT_VERSION = 3.0;
			};
			name = Debug;
		};
		854F77FA1E89998D00B254B0 /* Release */ = {
			isa = XCBuildConfiguration;
			baseConfigurationReference = 277BA25444AA649B00772F24 /* Pods-FlickrCal.release.xcconfig */;
			buildSettings = {
				ASSETCATALOG_COMPILER_APPICON_NAME = AppIcon;
				DEVELOPMENT_TEAM = 997MDZRB9U;
				INFOPLIST_FILE = FlickrCal/Info.plist;
				LD_RUNPATH_SEARCH_PATHS = "$(inherited) @executable_path/Frameworks";
				PRODUCT_BUNDLE_IDENTIFIER = com.clintonvansciver.FlickrCal;
				PRODUCT_NAME = "$(TARGET_NAME)";
				SWIFT_VERSION = 3.0;
			};
			name = Release;
		};
/* End XCBuildConfiguration section */

/* Begin XCConfigurationList section */
		854F77E11E89998D00B254B0 /* Build configuration list for PBXProject "FlickrCal" */ = {
			isa = XCConfigurationList;
			buildConfigurations = (
				854F77F61E89998D00B254B0 /* Debug */,
				854F77F71E89998D00B254B0 /* Release */,
			);
			defaultConfigurationIsVisible = 0;
			defaultConfigurationName = Release;
		};
		854F77F81E89998D00B254B0 /* Build configuration list for PBXNativeTarget "FlickrCal" */ = {
			isa = XCConfigurationList;
			buildConfigurations = (
				854F77F91E89998D00B254B0 /* Debug */,
				854F77FA1E89998D00B254B0 /* Release */,
			);
			defaultConfigurationIsVisible = 0;
			defaultConfigurationName = Release;
		};
/* End XCConfigurationList section */
	};
	rootObject = 854F77DE1E89998D00B254B0 /* Project object */;
}
